{
  "originHash" : "760962c22eddfbd1420c4f39e4d66af618e0edad85ecaf503800e62a7f89a3fe",
  "pins" : [
    {
      "identity" : "menuhub",
      "kind" : "localSourceControl",
      "location" : "https://github.com/mstallone/menuhub",
      "state" : {
        "revision" : "48923275ac3fb27cf84ea623fc48cc2c74acf088",
        "version" : "0.5.0"
      }
    },
    {
      "identity" : "sparkle",
      "kind" : "remoteSourceControl",
      "location" : "https://github.com/sparkle-project/Sparkle",
      "state" : {
        "revision" : "eef1a539a373c1f1a320624b1130fc5de7b2e100",
        "version" : "2.10.0"
      }
    }
  ],
  "version" : 3
}
