{
  "originHash" : "9243e565f3a00c160ef1ae9cf6798053fd5e3663263193dc948d532075b23c52",
  "pins" : [
    {
      "identity" : "menuhub",
      "kind" : "remoteSourceControl",
      "location" : "https://github.com/mstallone/menuhub",
      "state" : {
        "revision" : "c950e36fa48d97aa314d50231809fa20fa3d09be",
        "version" : "0.4.0"
      }
    },
    {
      "identity" : "sparkle",
      "kind" : "remoteSourceControl",
      "location" : "https://github.com/sparkle-project/Sparkle",
      "state" : {
        "revision" : "b6496a74a087257ef5e6da1c5b29a447a60f5bd7",
        "version" : "2.9.4"
      }
    }
  ],
  "version" : 3
}
